
Microsoft Visual Studio Solution File, Format Version 12.00
# Visual Studio Version 17
VisualStudioVersion = 17.12.35527.113
MinimumVisualStudioVersion = 10.0.40219.1
Project("{8BC9CEB8-8B4A-11D0-8D11-00A0C91BC942}") = "NetworkLibrary", "NetworkLibrary\NetworkLibrary.vcxproj", "{F2C68ED0-108D-432F-AC3B-1FC7D70733BB}"
EndProject
Project("{8BC9CEB8-8B4A-11D0-8D11-00A0C91BC942}") = "network-simulator", "network-simulator\network-simulator.vcxproj", "{0DD17FD4-E87B-460F-B023-5417F9704C77}"
EndProject
Global
	GlobalSection(SolutionConfigurationPlatforms) = preSolution
		Debug|x64 = Debug|x64
		Debug|x86 = Debug|x86
		Release|x64 = Release|x64
		Release|x86 = Release|x86
	EndGlobalSection
	GlobalSection(ProjectConfigurationPlatforms) = postSolution
		{F2C68ED0-108D-432F-AC3B-1FC7D70733BB}.Debug|x64.ActiveCfg = Debug|x64
		{F2C68ED0-108D-432F-AC3B-1FC7D70733BB}.Debug|x64.Build.0 = Debug|x64
		{F2C68ED0-108D-432F-AC3B-1FC7D70733BB}.Debug|x86.ActiveCfg = Debug|Win32
		{F2C68ED0-108D-432F-AC3B-1FC7D70733BB}.Debug|x86.Build.0 = Debug|Win32
		{F2C68ED0-108D-432F-AC3B-1FC7D70733BB}.Release|x64.ActiveCfg = Release|x64
		{F2C68ED0-108D-432F-AC3B-1FC7D70733BB}.Release|x64.Build.0 = Release|x64
		{F2C68ED0-108D-432F-AC3B-1FC7D70733BB}.Release|x86.ActiveCfg = Release|Win32
		{F2C68ED0-108D-432F-AC3B-1FC7D70733BB}.Release|x86.Build.0 = Release|Win32
		{0DD17FD4-E87B-460F-B023-5417F9704C77}.Debug|x64.ActiveCfg = Debug|x64
		{0DD17FD4-E87B-460F-B023-5417F9704C77}.Debug|x64.Build.0 = Debug|x64
		{0DD17FD4-E87B-460F-B023-5417F9704C77}.Debug|x86.ActiveCfg = Debug|Win32
		{0DD17FD4-E87B-460F-B023-5417F9704C77}.Debug|x86.Build.0 = Debug|Win32
		{0DD17FD4-E87B-460F-B023-5417F9704C77}.Release|x64.ActiveCfg = Release|x64
		{0DD17FD4-E87B-460F-B023-5417F9704C77}.Release|x64.Build.0 = Release|x64
		{0DD17FD4-E87B-460F-B023-5417F9704C77}.Release|x86.ActiveCfg = Release|Win32
		{0DD17FD4-E87B-460F-B023-5417F9704C77}.Release|x86.Build.0 = Release|Win32
	EndGlobalSection
	GlobalSection(SolutionProperties) = preSolution
		HideSolutionNode = FALSE
	EndGlobalSection
EndGlobal
